
Microsoft Visual Studio Solution File, Format Version 12.00
# Visual Studio 14
VisualStudioVersion = 14.0.25420.1
MinimumVisualStudioVersion = 10.0.40219.1
Project("{8BC9CEB8-8B4A-11D0-8D11-00A0C91BC942}") = "SynthMFC", "SynthMFC.vcxproj", "{92811915-E6BB-4D77-88B1-94A42D3727E8}"
EndProject
Project("{8BC9CEB8-8B4A-11D0-8D11-00A0C91BC942}") = "libSynth", "synth\libSynth\libSynth.vcxproj", "{4F3D3367-90DC-4AA7-BC64-1A873C5D0BB9}"
EndProject
Project("{8BC9CEB8-8B4A-11D0-8D11-00A0C91BC942}") = "libKernel", "synth\libKernel\libKernel.vcxproj", "{A75566A2-3ED4-428B-B903-CB57DEFBC4BC}"
EndProject
Global
	GlobalSection(SolutionConfigurationPlatforms) = preSolution
		Debug|x64 = Debug|x64
		Release|x64 = Release|x64
	EndGlobalSection
	GlobalSection(ProjectConfigurationPlatforms) = postSolution
		{92811915-E6BB-4D77-88B1-94A42D3727E8}.Debug|x64.ActiveCfg = Debug|x64
		{92811915-E6BB-4D77-88B1-94A42D3727E8}.Debug|x64.Build.0 = Debug|x64
		{92811915-E6BB-4D77-88B1-94A42D3727E8}.Release|x64.ActiveCfg = Release|x64
		{92811915-E6BB-4D77-88B1-94A42D3727E8}.Release|x64.Build.0 = Release|x64
		{4F3D3367-90DC-4AA7-BC64-1A873C5D0BB9}.Debug|x64.ActiveCfg = Debug|x64
		{4F3D3367-90DC-4AA7-BC64-1A873C5D0BB9}.Debug|x64.Build.0 = Debug|x64
		{4F3D3367-90DC-4AA7-BC64-1A873C5D0BB9}.Release|x64.ActiveCfg = Release|x64
		{4F3D3367-90DC-4AA7-BC64-1A873C5D0BB9}.Release|x64.Build.0 = Release|x64
		{A75566A2-3ED4-428B-B903-CB57DEFBC4BC}.Debug|x64.ActiveCfg = Debug|x64
		{A75566A2-3ED4-428B-B903-CB57DEFBC4BC}.Debug|x64.Build.0 = Debug|x64
		{A75566A2-3ED4-428B-B903-CB57DEFBC4BC}.Release|x64.ActiveCfg = Release|x64
		{A75566A2-3ED4-428B-B903-CB57DEFBC4BC}.Release|x64.Build.0 = Release|x64
	EndGlobalSection
	GlobalSection(SolutionProperties) = preSolution
		HideSolutionNode = FALSE
	EndGlobalSection
EndGlobal
