<?xml version="1.0" encoding="utf-8"?>
<Project ToolsVersion="4.0" xmlns="http://schemas.microsoft.com/developer/msbuild/2003">
  <ItemGroup>
    <Filter Include="Resource Files">
      <UniqueIdentifier>{67DA6AB6-F800-4c08-8B7A-83BB121AAD01}</UniqueIdentifier>
      <Extensions>rc;ico;cur;bmp;dlg;rc2;rct;bin;rgs;gif;jpg;jpeg;jpe;resx;tiff;tif;png;wav;mfcribbon-ms</Extensions>
    </Filter>
  </ItemGroup>
  <ItemGroup>
    <ClInclude Include="FileView.h" />
    <ClInclude Include="MainFrm.h" />
    <ClInclude Include="OutputWnd.h" />
    <ClInclude Include="PropertiesWnd.h" />
    <ClInclude Include="Resource.h" />
    <ClInclude Include="Serial.h" />
    <ClInclude Include="stdafx.h" />
    <ClInclude Include="SynthEditor.h" />
    <ClInclude Include="SynthEditorDoc.h" />
    <ClInclude Include="SynthEditorView.h" />
    <ClInclude Include="targetver.h" />
    <ClInclude Include="ViewTree.h" />
    <ClInclude Include="EditCtrlDialog.h" />
    <ClInclude Include="Messages.h" />
    <ClInclude Include="MemoryDC.h" />
    <ClInclude Include="WaveformWnd.h" />
    <ClInclude Include="CaptureDlg.h" />
  </ItemGroup>
  <ItemGroup>
    <ClCompile Include="FileView.cpp" />
    <ClCompile Include="MainFrm.cpp" />
    <ClCompile Include="OutputWnd.cpp" />
    <ClCompile Include="PropertiesWnd.cpp" />
    <ClCompile Include="Serial.cpp" />
    <ClCompile Include="stdafx.cpp" />
    <ClCompile Include="SynthEditor.cpp" />
    <ClCompile Include="SynthEditorDoc.cpp" />
    <ClCompile Include="SynthEditorView.cpp" />
    <ClCompile Include="ViewTree.cpp" />
    <ClCompile Include="EditCtrlDialog.cpp" />
    <ClCompile Include="MemoryDC.cpp" />
    <ClCompile Include="WaveformWnd.cpp" />
    <ClCompile Include="CaptureDlg.cpp" />
  </ItemGroup>
  <ItemGroup>
    <ResourceCompile Include="SynthEditor.rc">
      <Filter>Resource Files</Filter>
    </ResourceCompile>
  </ItemGroup>
  <ItemGroup>
    <Image Include="res\file_view_hc.ico">
      <Filter>Resource Files</Filter>
    </Image>
    <Image Include="res\fileview_hc.bmp">
      <Filter>Resource Files</Filter>
    </Image>
    <Image Include="res\explorer_hc.bmp">
      <Filter>Resource Files</Filter>
    </Image>
    <Image Include="res\sort_hc.bmp">
      <Filter>Resource Files</Filter>
    </Image>
    <Image Include="res\menuimages_hc.bmp">
      <Filter>Resource Files</Filter>
    </Image>
    <Image Include="res\output_wnd_hc.ico">
      <Filter>Resource Files</Filter>
    </Image>
    <Image Include="res\properties_wnd_hc.ico">
      <Filter>Resource Files</Filter>
    </Image>
    <Image Include="res\properties_hc.bmp">
      <Filter>Resource Files</Filter>
    </Image>
    <Image Include="res\SynthEditorDoc.ico">
      <Filter>Resource Files</Filter>
    </Image>
    <Image Include="res\SynthEditor.ico">
      <Filter>Resource Files</Filter>
    </Image>
    <Image Include="res\Toolbar256.bmp">
      <Filter>Resource Files</Filter>
    </Image>
    <Image Include="res\explorer.bmp">
      <Filter>Resource Files</Filter>
    </Image>
    <Image Include="res\properties.bmp">
      <Filter>Resource Files</Filter>
    </Image>
  </ItemGroup>
  <ItemGroup>
    <None Include="res\SynthEditor.rc2">
      <Filter>Resource Files</Filter>
    </None>
  </ItemGroup>
</Project>